lockfileVersion: '9.0'

settings:
  autoInstallPeers: true
  excludeLinksFromLockfile: false

importers:

  .:
    devDependencies:
      prettier:
        specifier: ^3.3.3
        version: 3.6.2
      prettier-plugin-sql-cst:
        specifier: ^0.13.0
        version: 0.13.0

packages:

  prettier-plugin-sql-cst@0.13.0:
    resolution: {integrity: sha512-F2NMvK/yD4BooQsNce8yyOjY5wWxJCpwaMfQEQCqkwFUmsvRsH5STGIgQILjbA1iwOsvYsJzRAEEl4hqp0aDRQ==}

  prettier@3.6.2:
    resolution: {integrity: sha512-I7AIg5boAr5R0FFtJ6rCfD+LFsWHp81dolrFD8S79U9tb8Az2nGrJncnMSnys+bpQJfRUzqs9hnA81OAA3hCuQ==}
    engines: {node: '>=14'}
    hasBin: true

  sql-parser-cst@0.33.1:
    resolution: {integrity: sha512-7PHLI98bo86S740GQWlerh9GHu10dbMqDo1jBCXVlGB/nc55WgIAeoVrp0jzgK+WikycE9iGUUKkSuFNxj8w3Q==}

snapshots:

  prettier-plugin-sql-cst@0.13.0:
    dependencies:
      prettier: 3.6.2
      sql-parser-cst: 0.33.1

  prettier@3.6.2: {}

  sql-parser-cst@0.33.1: {}
